PODS:
  - ReactiveKit (2.1.1)
  - ReactiveUIKit (2.0.1):
    - ReactiveKit (~> 2.0)

DEPENDENCIES:
  - ReactiveKit (~> 2.1)
  - ReactiveUIKit (~> 2.0)

SPEC CHECKSUMS:
  ReactiveKit: 93374d66000dc629896472541d22157d6083bf30
  ReactiveUIKit: af6e401a61d196502267ff216b7ac6f4c37c0dc5

PODFILE CHECKSUM: 835ee070d3ccef523aa75d24b3afcd5f4abb9c17

COCOAPODS: 1.0.1
