// !$*UTF8*$!
{
	archiveVersion = 1;
	classes = {
	};
	objectVersion = 46;
	objects = {

/* Begin PBXBuildFile section */
		0402F0B01D78A40A00283947 /* DashboardViewModel.swift in Sources */ = {isa = PBXBuildFile; fileRef = 0402F0AF1D78A40A00283947 /* DashboardViewModel.swift */; };
		0402F0B31D78D3E700283947 /* Overview.storyboard in Resources */ = {isa = PBXBuildFile; fileRef = 0402F0B21D78D3E700283947 /* Overview.storyboard */; };
		0402F0B51D78D41200283947 /* OverviewTableViewController.swift in Sources */ = {isa = PBXBuildFile; fileRef = 0402F0B41D78D41200283947 /* OverviewTableViewController.swift */; };
		0402F0B71D78D4CC00283947 /* OverviewTableViewModel.swift in Sources */ = {isa = PBXBuildFile; fileRef = 0402F0B61D78D4CC00283947 /* OverviewTableViewModel.swift */; };
		046BFF161D71B3F600312CA9 /* ExpenseType.swift in Sources */ = {isa = PBXBuildFile; fileRef = 046BFF151D71B3F600312CA9 /* ExpenseType.swift */; };
		047CCC531D74C09A00446784 /* DatabaseHandler.swift in Sources */ = {isa = PBXBuildFile; fileRef = 047CCC521D74C09A00446784 /* DatabaseHandler.swift */; };
		047CCC551D74C94600446784 /* Expense.swift in Sources */ = {isa = PBXBuildFile; fileRef = 047CCC541D74C94600446784 /* Expense.swift */; };
		047CCC571D74CC1F00446784 /* CloudHandler.swift in Sources */ = {isa = PBXBuildFile; fileRef = 047CCC561D74CC1F00446784 /* CloudHandler.swift */; };
		048A3F101D6CC14000CAA80C /* CloudKit.framework in Frameworks */ = {isa = PBXBuildFile; fileRef = 048A3F0F1D6CC14000CAA80C /* CloudKit.framework */; };
		048A3F141D6CC4E200CAA80C /* Input.storyboard in Resources */ = {isa = PBXBuildFile; fileRef = 048A3F131D6CC4E200CAA80C /* Input.storyboard */; };
		048A3F161D6CC57F00CAA80C /* InputViewController.swift in Sources */ = {isa = PBXBuildFile; fileRef = 048A3F151D6CC57F00CAA80C /* InputViewController.swift */; };
		048A3F181D6CC64100CAA80C /* InputViewModel.swift in Sources */ = {isa = PBXBuildFile; fileRef = 048A3F171D6CC64100CAA80C /* InputViewModel.swift */; };
		04C2A4A21D85460A002AF990 /* ToggleViewController.swift in Sources */ = {isa = PBXBuildFile; fileRef = 04C2A4A11D85460A002AF990 /* ToggleViewController.swift */; };
		4CBB5E46DE16F5215EAE2D36 /* Pods_Spendr.framework in Frameworks */ = {isa = PBXBuildFile; fileRef = C1A28F54AFF02CE391822B1F /* Pods_Spendr.framework */; };
		622C63931D7EAC810080DEA0 /* ExpenseTableViewCell.swift in Sources */ = {isa = PBXBuildFile; fileRef = 622C63921D7EAC810080DEA0 /* ExpenseTableViewCell.swift */; };
		624BACDF1D6C69EA00CBA79C /* AppDelegate.swift in Sources */ = {isa = PBXBuildFile; fileRef = 624BACDE1D6C69EA00CBA79C /* AppDelegate.swift */; };
		624BACE61D6C69EA00CBA79C /* Assets.xcassets in Resources */ = {isa = PBXBuildFile; fileRef = 624BACE51D6C69EA00CBA79C /* Assets.xcassets */; };
		624BACE91D6C69EA00CBA79C /* LaunchScreen.storyboard in Resources */ = {isa = PBXBuildFile; fileRef = 624BACE71D6C69EA00CBA79C /* LaunchScreen.storyboard */; };
		6294A9591D6F26E20088E18C /* TypeSelectionTableViewController.swift in Sources */ = {isa = PBXBuildFile; fileRef = 6294A9581D6F26E20088E18C /* TypeSelectionTableViewController.swift */; };
		6294A95B1D6F270A0088E18C /* TypeSelectionTableViewModel.swift in Sources */ = {isa = PBXBuildFile; fileRef = 6294A95A1D6F270A0088E18C /* TypeSelectionTableViewModel.swift */; };
		62B8CEB01D7873C4005C0AF8 /* Dashboard.storyboard in Resources */ = {isa = PBXBuildFile; fileRef = 62B8CEAF1D7873C4005C0AF8 /* Dashboard.storyboard */; };
		62B8CEB21D78744E005C0AF8 /* DashboardViewController.swift in Sources */ = {isa = PBXBuildFile; fileRef = 62B8CEB11D78744E005C0AF8 /* DashboardViewController.swift */; };
		62B8CEB51D7877EA005C0AF8 /* NSAttributedString+Substring.swift in Sources */ = {isa = PBXBuildFile; fileRef = 62B8CEB41D7877EA005C0AF8 /* NSAttributedString+Substring.swift */; };
/* End PBXBuildFile section */

/* Begin PBXFileReference section */
		0402F0AF1D78A40A00283947 /* DashboardViewModel.swift */ = {isa = PBXFileReference; fileEncoding = 4; lastKnownFileType = sourcecode.swift; path = DashboardViewModel.swift; sourceTree = "<group>"; };
		0402F0B21D78D3E700283947 /* Overview.storyboard */ = {isa = PBXFileReference; fileEncoding = 4; lastKnownFileType = file.storyboard; path = Overview.storyboard; sourceTree = "<group>"; };
		0402F0B41D78D41200283947 /* OverviewTableViewController.swift */ = {isa = PBXFileReference; fileEncoding = 4; lastKnownFileType = sourcecode.swift; path = OverviewTableViewController.swift; sourceTree = "<group>"; };
		0402F0B61D78D4CC00283947 /* OverviewTableViewModel.swift */ = {isa = PBXFileReference; fileEncoding = 4; lastKnownFileType = sourcecode.swift; path = OverviewTableViewModel.swift; sourceTree = "<group>"; };
		046BFF151D71B3F600312CA9 /* ExpenseType.swift */ = {isa = PBXFileReference; fileEncoding = 4; lastKnownFileType = sourcecode.swift; path = ExpenseType.swift; sourceTree = "<group>"; };
		047CCC521D74C09A00446784 /* DatabaseHandler.swift */ = {isa = PBXFileReference; fileEncoding = 4; lastKnownFileType = sourcecode.swift; path = DatabaseHandler.swift; sourceTree = "<group>"; };
		047CCC541D74C94600446784 /* Expense.swift */ = {isa = PBXFileReference; fileEncoding = 4; lastKnownFileType = sourcecode.swift; path = Expense.swift; sourceTree = "<group>"; };
		047CCC561D74CC1F00446784 /* CloudHandler.swift */ = {isa = PBXFileReference; fileEncoding = 4; lastKnownFileType = sourcecode.swift; path = CloudHandler.swift; sourceTree = "<group>"; };
		048A3F0E1D6CC13E00CAA80C /* Release.entitlements */ = {isa = PBXFileReference; lastKnownFileType = text.xml; path = Release.entitlements; sourceTree = "<group>"; };
		048A3F0F1D6CC14000CAA80C /* CloudKit.framework */ = {isa = PBXFileReference; lastKnownFileType = wrapper.framework; name = CloudKit.framework; path = System/Library/Frameworks/CloudKit.framework; sourceTree = SDKROOT; };
		048A3F131D6CC4E200CAA80C /* Input.storyboard */ = {isa = PBXFileReference; fileEncoding = 4; lastKnownFileType = file.storyboard; path = Input.storyboard; sourceTree = "<group>"; };
		048A3F151D6CC57F00CAA80C /* InputViewController.swift */ = {isa = PBXFileReference; fileEncoding = 4; lastKnownFileType = sourcecode.swift; path = InputViewController.swift; sourceTree = "<group>"; };
		048A3F171D6CC64100CAA80C /* InputViewModel.swift */ = {isa = PBXFileReference; fileEncoding = 4; lastKnownFileType = sourcecode.swift; path = InputViewModel.swift; sourceTree = "<group>"; };
		04C2A4A11D85460A002AF990 /* ToggleViewController.swift */ = {isa = PBXFileReference; fileEncoding = 4; lastKnownFileType = sourcecode.swift; path = ToggleViewController.swift; sourceTree = "<group>"; };
		622C63921D7EAC810080DEA0 /* ExpenseTableViewCell.swift */ = {isa = PBXFileReference; fileEncoding = 4; lastKnownFileType = sourcecode.swift; path = ExpenseTableViewCell.swift; sourceTree = "<group>"; };
		624BACDB1D6C69EA00CBA79C /* Spendr.app */ = {isa = PBXFileReference; explicitFileType = wrapper.application; includeInIndex = 0; path = Spendr.app; sourceTree = BUILT_PRODUCTS_DIR; };
		624BACDE1D6C69EA00CBA79C /* AppDelegate.swift */ = {isa = PBXFileReference; lastKnownFileType = sourcecode.swift; path = AppDelegate.swift; sourceTree = "<group>"; };
		624BACE51D6C69EA00CBA79C /* Assets.xcassets */ = {isa = PBXFileReference; lastKnownFileType = folder.assetcatalog; path = Assets.xcassets; sourceTree = "<group>"; };
		624BACE81D6C69EA00CBA79C /* Base */ = {isa = PBXFileReference; lastKnownFileType = file.storyboard; name = Base; path = Base.lproj/LaunchScreen.storyboard; sourceTree = "<group>"; };
		624BACEA1D6C69EA00CBA79C /* Info.plist */ = {isa = PBXFileReference; lastKnownFileType = text.plist.xml; path = Info.plist; sourceTree = "<group>"; };
		6291B7E51D76F12C002EC584 /* Debug.entitlements */ = {isa = PBXFileReference; lastKnownFileType = text.xml; path = Debug.entitlements; sourceTree = "<group>"; };
		6294A9581D6F26E20088E18C /* TypeSelectionTableViewController.swift */ = {isa = PBXFileReference; fileEncoding = 4; lastKnownFileType = sourcecode.swift; path = TypeSelectionTableViewController.swift; sourceTree = "<group>"; };
		6294A95A1D6F270A0088E18C /* TypeSelectionTableViewModel.swift */ = {isa = PBXFileReference; fileEncoding = 4; lastKnownFileType = sourcecode.swift; path = TypeSelectionTableViewModel.swift; sourceTree = "<group>"; };
		62B8CEAF1D7873C4005C0AF8 /* Dashboard.storyboard */ = {isa = PBXFileReference; fileEncoding = 4; lastKnownFileType = file.storyboard; path = Dashboard.storyboard; sourceTree = "<group>"; };
		62B8CEB11D78744E005C0AF8 /* DashboardViewController.swift */ = {isa = PBXFileReference; fileEncoding = 4; lastKnownFileType = sourcecode.swift; path = DashboardViewController.swift; sourceTree = "<group>"; };
		62B8CEB41D7877EA005C0AF8 /* NSAttributedString+Substring.swift */ = {isa = PBXFileReference; fileEncoding = 4; lastKnownFileType = sourcecode.swift; path = "NSAttributedString+Substring.swift"; sourceTree = "<group>"; };
		C1A28F54AFF02CE391822B1F /* Pods_Spendr.framework */ = {isa = PBXFileReference; explicitFileType = wrapper.framework; includeInIndex = 0; path = Pods_Spendr.framework; sourceTree = BUILT_PRODUCTS_DIR; };
		D907964315827C9A6499DB42 /* Pods-Spendr.release.xcconfig */ = {isa = PBXFileReference; includeInIndex = 1; lastKnownFileType = text.xcconfig; name = "Pods-Spendr.release.xcconfig"; path = "Pods/Target Support Files/Pods-Spendr/Pods-Spendr.release.xcconfig"; sourceTree = "<group>"; };
		DE2E18EC29D849DB071D82B4 /* Pods-Spendr.debug.xcconfig */ = {isa = PBXFileReference; includeInIndex = 1; lastKnownFileType = text.xcconfig; name = "Pods-Spendr.debug.xcconfig"; path = "Pods/Target Support Files/Pods-Spendr/Pods-Spendr.debug.xcconfig"; sourceTree = "<group>"; };
/* End PBXFileReference section */

/* Begin PBXFrameworksBuildPhase section */
		624BACD81D6C69EA00CBA79C /* Frameworks */ = {
			isa = PBXFrameworksBuildPhase;
			buildActionMask = 2147483647;
			files = (
				048A3F101D6CC14000CAA80C /* CloudKit.framework in Frameworks */,
				4CBB5E46DE16F5215EAE2D36 /* Pods_Spendr.framework in Frameworks */,
			);
			runOnlyForDeploymentPostprocessing = 0;
		};
/* End PBXFrameworksBuildPhase section */

/* Begin PBXGroup section */
		0402F0B11D78D3D900283947 /* Overview */ = {
			isa = PBXGroup;
			children = (
				622C63921D7EAC810080DEA0 /* ExpenseTableViewCell.swift */,
				0402F0B21D78D3E700283947 /* Overview.storyboard */,
				0402F0B41D78D41200283947 /* OverviewTableViewController.swift */,
				0402F0B61D78D4CC00283947 /* OverviewTableViewModel.swift */,
				04C2A4A11D85460A002AF990 /* ToggleViewController.swift */,
			);
			path = Overview;
			sourceTree = "<group>";
		};
		046BFF141D71B3ED00312CA9 /* Models */ = {
			isa = PBXGroup;
			children = (
				047CCC541D74C94600446784 /* Expense.swift */,
				046BFF151D71B3F600312CA9 /* ExpenseType.swift */,
			);
			path = Models;
			sourceTree = "<group>";
		};
		047CCC511D74C07A00446784 /* Handlers */ = {
			isa = PBXGroup;
			children = (
				047CCC561D74CC1F00446784 /* CloudHandler.swift */,
				047CCC521D74C09A00446784 /* DatabaseHandler.swift */,
			);
			path = Handlers;
			sourceTree = "<group>";
		};
		048A3F111D6CC16D00CAA80C /* Frameworks */ = {
			isa = PBXGroup;
			children = (
				048A3F0F1D6CC14000CAA80C /* CloudKit.framework */,
			);
			path = Frameworks;
			sourceTree = "<group>";
		};
		048A3F121D6CC4D600CAA80C /* Modules */ = {
			isa = PBXGroup;
			children = (
				62B8CEAE1D7873B7005C0AF8 /* Dashboard */,
				6294A9561D6F26C80088E18C /* Input */,
				0402F0B11D78D3D900283947 /* Overview */,
				6294A9571D6F26CC0088E18C /* Type Selection */,
				048A3F131D6CC4E200CAA80C /* Input.storyboard */,
			);
			path = Modules;
			sourceTree = "<group>";
		};
		624BACD21D6C69EA00CBA79C = {
			isa = PBXGroup;
			children = (
				9F2F45ACD8838C25638FEFC1 /* Frameworks */,
				B22E66B73AA99B86AFD7F81F /* Pods */,
				624BACDC1D6C69EA00CBA79C /* Products */,
				624BACDD1D6C69EA00CBA79C /* Spendr */,
			);
			sourceTree = "<group>";
		};
		624BACDC1D6C69EA00CBA79C /* Products */ = {
			isa = PBXGroup;
			children = (
				624BACDB1D6C69EA00CBA79C /* Spendr.app */,
			);
			name = Products;
			sourceTree = "<group>";
		};
		624BACDD1D6C69EA00CBA79C /* Spendr */ = {
			isa = PBXGroup;
			children = (
				62B8CEB31D7877DC005C0AF8 /* Components */,
				048A3F111D6CC16D00CAA80C /* Frameworks */,
				047CCC511D74C07A00446784 /* Handlers */,
				046BFF141D71B3ED00312CA9 /* Models */,
				048A3F121D6CC4D600CAA80C /* Modules */,
				624BACF01D6C6A1E00CBA79C /* Supporting Files */,
				624BACF11D6C6A2400CBA79C /* UI */,
				624BACDE1D6C69EA00CBA79C /* AppDelegate.swift */,
			);
			path = Spendr;
			sourceTree = "<group>";
		};
		624BACF01D6C6A1E00CBA79C /* Supporting Files */ = {
			isa = PBXGroup;
			children = (
				6291B7E41D76F0F4002EC584 /* Entitlements */,
				624BACEA1D6C69EA00CBA79C /* Info.plist */,
			);
			path = "Supporting Files";
			sourceTree = "<group>";
		};
		624BACF11D6C6A2400CBA79C /* UI */ = {
			isa = PBXGroup;
			children = (
				624BACE51D6C69EA00CBA79C /* Assets.xcassets */,
				624BACE71D6C69EA00CBA79C /* LaunchScreen.storyboard */,
			);
			path = UI;
			sourceTree = "<group>";
		};
		6291B7E41D76F0F4002EC584 /* Entitlements */ = {
			isa = PBXGroup;
			children = (
				6291B7E51D76F12C002EC584 /* Debug.entitlements */,
				048A3F0E1D6CC13E00CAA80C /* Release.entitlements */,
			);
			path = Entitlements;
			sourceTree = "<group>";
		};
		6294A9561D6F26C80088E18C /* Input */ = {
			isa = PBXGroup;
			children = (
				048A3F151D6CC57F00CAA80C /* InputViewController.swift */,
				048A3F171D6CC64100CAA80C /* InputViewModel.swift */,
			);
			path = Input;
			sourceTree = "<group>";
		};
		6294A9571D6F26CC0088E18C /* Type Selection */ = {
			isa = PBXGroup;
			children = (
				6294A9581D6F26E20088E18C /* TypeSelectionTableViewController.swift */,
				6294A95A1D6F270A0088E18C /* TypeSelectionTableViewModel.swift */,
			);
			path = "Type Selection";
			sourceTree = "<group>";
		};
		62B8CEAE1D7873B7005C0AF8 /* Dashboard */ = {
			isa = PBXGroup;
			children = (
				62B8CEAF1D7873C4005C0AF8 /* Dashboard.storyboard */,
				62B8CEB11D78744E005C0AF8 /* DashboardViewController.swift */,
				0402F0AF1D78A40A00283947 /* DashboardViewModel.swift */,
			);
			path = Dashboard;
			sourceTree = "<group>";
		};
		62B8CEB31D7877DC005C0AF8 /* Components */ = {
			isa = PBXGroup;
			children = (
				62B8CEB41D7877EA005C0AF8 /* NSAttributedString+Substring.swift */,
			);
			path = Components;
			sourceTree = "<group>";
		};
		9F2F45ACD8838C25638FEFC1 /* Frameworks */ = {
			isa = PBXGroup;
			children = (
				C1A28F54AFF02CE391822B1F /* Pods_Spendr.framework */,
			);
			name = Frameworks;
			sourceTree = "<group>";
		};
		B22E66B73AA99B86AFD7F81F /* Pods */ = {
			isa = PBXGroup;
			children = (
				DE2E18EC29D849DB071D82B4 /* Pods-Spendr.debug.xcconfig */,
				D907964315827C9A6499DB42 /* Pods-Spendr.release.xcconfig */,
			);
			name = Pods;
			sourceTree = "<group>";
		};
/* End PBXGroup section */

/* Begin PBXNativeTarget section */
		624BACDA1D6C69EA00CBA79C /* Spendr */ = {
			isa = PBXNativeTarget;
			buildConfigurationList = 624BACED1D6C69EA00CBA79C /* Build configuration list for PBXNativeTarget "Spendr" */;
			buildPhases = (
				5EC7B708B9DDD65650EE5C1D /* [CP] Check Pods Manifest.lock */,
				624BACD71D6C69EA00CBA79C /* Sources */,
				624BACD81D6C69EA00CBA79C /* Frameworks */,
				624BACD91D6C69EA00CBA79C /* Resources */,
				8D3337146FCD281C0F60EAB4 /* [CP] Embed Pods Frameworks */,
				A028850A4875C2E05D6AF5F0 /* [CP] Copy Pods Resources */,
			);
			buildRules = (
			);
			dependencies = (
			);
			name = Spendr;
			productName = Spendr;
			productReference = 624BACDB1D6C69EA00CBA79C /* Spendr.app */;
			productType = "com.apple.product-type.application";
		};
/* End PBXNativeTarget section */

/* Begin PBXProject section */
		624BACD31D6C69EA00CBA79C /* Project object */ = {
			isa = PBXProject;
			attributes = {
				LastSwiftUpdateCheck = 0730;
				LastUpgradeCheck = 0730;
				ORGANIZATIONNAME = Fousa;
				TargetAttributes = {
					624BACDA1D6C69EA00CBA79C = {
						CreatedOnToolsVersion = 7.3.1;
						DevelopmentTeam = 743AM63YFU;
						SystemCapabilities = {
							com.apple.DataProtection = {
								enabled = 1;
							};
							com.apple.iCloud = {
								enabled = 1;
							};
						};
					};
				};
			};
			buildConfigurationList = 624BACD61D6C69EA00CBA79C /* Build configuration list for PBXProject "Spendr" */;
			compatibilityVersion = "Xcode 3.2";
			developmentRegion = English;
			hasScannedForEncodings = 0;
			knownRegions = (
				en,
				Base,
			);
			mainGroup = 624BACD21D6C69EA00CBA79C;
			productRefGroup = 624BACDC1D6C69EA00CBA79C /* Products */;
			projectDirPath = "";
			projectRoot = "";
			targets = (
				624BACDA1D6C69EA00CBA79C /* Spendr */,
			);
		};
/* End PBXProject section */

/* Begin PBXResourcesBuildPhase section */
		624BACD91D6C69EA00CBA79C /* Resources */ = {
			isa = PBXResourcesBuildPhase;
			buildActionMask = 2147483647;
			files = (
				624BACE91D6C69EA00CBA79C /* LaunchScreen.storyboard in Resources */,
				048A3F141D6CC4E200CAA80C /* Input.storyboard in Resources */,
				624BACE61D6C69EA00CBA79C /* Assets.xcassets in Resources */,
				0402F0B31D78D3E700283947 /* Overview.storyboard in Resources */,
				62B8CEB01D7873C4005C0AF8 /* Dashboard.storyboard in Resources */,
			);
			runOnlyForDeploymentPostprocessing = 0;
		};
/* End PBXResourcesBuildPhase section */

/* Begin PBXShellScriptBuildPhase section */
		5EC7B708B9DDD65650EE5C1D /* [CP] Check Pods Manifest.lock */ = {
			isa = PBXShellScriptBuildPhase;
			buildActionMask = 2147483647;
			files = (
			);
			inputPaths = (
			);
			name = "[CP] Check Pods Manifest.lock";
			outputPaths = (
			);
			runOnlyForDeploymentPostprocessing = 0;
			shellPath = /bin/sh;
			shellScript = "diff \"${PODS_ROOT}/../Podfile.lock\" \"${PODS_ROOT}/Manifest.lock\" > /dev/null\nif [[ $? != 0 ]] ; then\n    cat << EOM\nerror: The sandbox is not in sync with the Podfile.lock. Run 'pod install' or update your CocoaPods installation.\nEOM\n    exit 1\nfi\n";
			showEnvVarsInLog = 0;
		};
		8D3337146FCD281C0F60EAB4 /* [CP] Embed Pods Frameworks */ = {
			isa = PBXShellScriptBuildPhase;
			buildActionMask = 2147483647;
			files = (
			);
			inputPaths = (
			);
			name = "[CP] Embed Pods Frameworks";
			outputPaths = (
			);
			runOnlyForDeploymentPostprocessing = 0;
			shellPath = /bin/sh;
			shellScript = "\"${SRCROOT}/Pods/Target Support Files/Pods-Spendr/Pods-Spendr-frameworks.sh\"\n";
			showEnvVarsInLog = 0;
		};
		A028850A4875C2E05D6AF5F0 /* [CP] Copy Pods Resources */ = {
			isa = PBXShellScriptBuildPhase;
			buildActionMask = 2147483647;
			files = (
			);
			inputPaths = (
			);
			name = "[CP] Copy Pods Resources";
			outputPaths = (
			);
			runOnlyForDeploymentPostprocessing = 0;
			shellPath = /bin/sh;
			shellScript = "\"${SRCROOT}/Pods/Target Support Files/Pods-Spendr/Pods-Spendr-resources.sh\"\n";
			showEnvVarsInLog = 0;
		};
/* End PBXShellScriptBuildPhase section */

/* Begin PBXSourcesBuildPhase section */
		624BACD71D6C69EA00CBA79C /* Sources */ = {
			isa = PBXSourcesBuildPhase;
			buildActionMask = 2147483647;
			files = (
				622C63931D7EAC810080DEA0 /* ExpenseTableViewCell.swift in Sources */,
				0402F0B71D78D4CC00283947 /* OverviewTableViewModel.swift in Sources */,
				047CCC551D74C94600446784 /* Expense.swift in Sources */,
				6294A9591D6F26E20088E18C /* TypeSelectionTableViewController.swift in Sources */,
				047CCC531D74C09A00446784 /* DatabaseHandler.swift in Sources */,
				0402F0B01D78A40A00283947 /* DashboardViewModel.swift in Sources */,
				04C2A4A21D85460A002AF990 /* ToggleViewController.swift in Sources */,
				048A3F181D6CC64100CAA80C /* InputViewModel.swift in Sources */,
				047CCC571D74CC1F00446784 /* CloudHandler.swift in Sources */,
				62B8CEB51D7877EA005C0AF8 /* NSAttributedString+Substring.swift in Sources */,
				046BFF161D71B3F600312CA9 /* ExpenseType.swift in Sources */,
				624BACDF1D6C69EA00CBA79C /* AppDelegate.swift in Sources */,
				62B8CEB21D78744E005C0AF8 /* DashboardViewController.swift in Sources */,
				0402F0B51D78D41200283947 /* OverviewTableViewController.swift in Sources */,
				048A3F161D6CC57F00CAA80C /* InputViewController.swift in Sources */,
				6294A95B1D6F270A0088E18C /* TypeSelectionTableViewModel.swift in Sources */,
			);
			runOnlyForDeploymentPostprocessing = 0;
		};
/* End PBXSourcesBuildPhase section */

/* Begin PBXVariantGroup section */
		624BACE71D6C69EA00CBA79C /* LaunchScreen.storyboard */ = {
			isa = PBXVariantGroup;
			children = (
				624BACE81D6C69EA00CBA79C /* Base */,
			);
			name = LaunchScreen.storyboard;
			path = .;
			sourceTree = "<group>";
		};
/* End PBXVariantGroup section */

/* Begin XCBuildConfiguration section */
		624BACEB1D6C69EA00CBA79C /* Debug */ = {
			isa = XCBuildConfiguration;
			buildSettings = {
				ALWAYS_SEARCH_USER_PATHS = NO;
				CLANG_ANALYZER_NONNULL = YES;
				CLANG_CXX_LANGUAGE_STANDARD = "gnu++0x";
				CLANG_CXX_LIBRARY = "libc++";
				CLANG_ENABLE_MODULES = YES;
				CLANG_ENABLE_OBJC_ARC = YES;
				CLANG_WARN_BOOL_CONVERSION = YES;
				CLANG_WARN_CONSTANT_CONVERSION = YES;
				CLANG_WARN_DIRECT_OBJC_ISA_USAGE = YES_ERROR;
				CLANG_WARN_EMPTY_BODY = YES;
				CLANG_WARN_ENUM_CONVERSION = YES;
				CLANG_WARN_INT_CONVERSION = YES;
				CLANG_WARN_OBJC_ROOT_CLASS = YES_ERROR;
				CLANG_WARN_UNREACHABLE_CODE = YES;
				CLANG_WARN__DUPLICATE_METHOD_MATCH = YES;
				"CODE_SIGN_IDENTITY[sdk=iphoneos*]" = "iPhone Developer";
				COPY_PHASE_STRIP = NO;
				DEBUG_INFORMATION_FORMAT = dwarf;
				ENABLE_STRICT_OBJC_MSGSEND = YES;
				ENABLE_TESTABILITY = YES;
				GCC_C_LANGUAGE_STANDARD = gnu99;
				GCC_DYNAMIC_NO_PIC = NO;
				GCC_NO_COMMON_BLOCKS = YES;
				GCC_OPTIMIZATION_LEVEL = 0;
				GCC_PREPROCESSOR_DEFINITIONS = (
					"DEBUG=1",
					"$(inherited)",
				);
				GCC_WARN_64_TO_32_BIT_CONVERSION = YES;
				GCC_WARN_ABOUT_RETURN_TYPE = YES_ERROR;
				GCC_WARN_UNDECLARED_SELECTOR = YES;
				GCC_WARN_UNINITIALIZED_AUTOS = YES_AGGRESSIVE;
				GCC_WARN_UNUSED_FUNCTION = YES;
				GCC_WARN_UNUSED_VARIABLE = YES;
				IPHONEOS_DEPLOYMENT_TARGET = 9.3;
				MTL_ENABLE_DEBUG_INFO = YES;
				ONLY_ACTIVE_ARCH = YES;
				SDKROOT = iphoneos;
				SWIFT_OPTIMIZATION_LEVEL = "-Onone";
				TARGETED_DEVICE_FAMILY = "1,2";
			};
			name = Debug;
		};
		624BACEC1D6C69EA00CBA79C /* Release */ = {
			isa = XCBuildConfiguration;
			buildSettings = {
				ALWAYS_SEARCH_USER_PATHS = NO;
				CLANG_ANALYZER_NONNULL = YES;
				CLANG_CXX_LANGUAGE_STANDARD = "gnu++0x";
				CLANG_CXX_LIBRARY = "libc++";
				CLANG_ENABLE_MODULES = YES;
				CLANG_ENABLE_OBJC_ARC = YES;
				CLANG_WARN_BOOL_CONVERSION = YES;
				CLANG_WARN_CONSTANT_CONVERSION = YES;
				CLANG_WARN_DIRECT_OBJC_ISA_USAGE = YES_ERROR;
				CLANG_WARN_EMPTY_BODY = YES;
				CLANG_WARN_ENUM_CONVERSION = YES;
				CLANG_WARN_INT_CONVERSION = YES;
				CLANG_WARN_OBJC_ROOT_CLASS = YES_ERROR;
				CLANG_WARN_UNREACHABLE_CODE = YES;
				CLANG_WARN__DUPLICATE_METHOD_MATCH = YES;
				"CODE_SIGN_IDENTITY[sdk=iphoneos*]" = "iPhone Developer";
				COPY_PHASE_STRIP = NO;
				DEBUG_INFORMATION_FORMAT = "dwarf-with-dsym";
				ENABLE_NS_ASSERTIONS = NO;
				ENABLE_STRICT_OBJC_MSGSEND = YES;
				GCC_C_LANGUAGE_STANDARD = gnu99;
				GCC_NO_COMMON_BLOCKS = YES;
				GCC_WARN_64_TO_32_BIT_CONVERSION = YES;
				GCC_WARN_ABOUT_RETURN_TYPE = YES_ERROR;
				GCC_WARN_UNDECLARED_SELECTOR = YES;
				GCC_WARN_UNINITIALIZED_AUTOS = YES_AGGRESSIVE;
				GCC_WARN_UNUSED_FUNCTION = YES;
				GCC_WARN_UNUSED_VARIABLE = YES;
				IPHONEOS_DEPLOYMENT_TARGET = 9.3;
				MTL_ENABLE_DEBUG_INFO = NO;
				SDKROOT = iphoneos;
				TARGETED_DEVICE_FAMILY = "1,2";
				VALIDATE_PRODUCT = YES;
			};
			name = Release;
		};
		624BACEE1D6C69EA00CBA79C /* Debug */ = {
			isa = XCBuildConfiguration;
			baseConfigurationReference = DE2E18EC29D849DB071D82B4 /* Pods-Spendr.debug.xcconfig */;
			buildSettings = {
				ASSETCATALOG_COMPILER_APPICON_NAME = AppIcon;
				CODE_SIGN_ENTITLEMENTS = "Spendr/Supporting Files/Entitlements/${CONFIGURATION}.entitlements";
				CODE_SIGN_IDENTITY = "iPhone Developer";
				CURRENT_PROJECT_VERSION = 1;
				INFOPLIST_FILE = "Spendr/Supporting Files/Info.plist";
				IPHONEOS_DEPLOYMENT_TARGET = 9.0;
				LD_RUNPATH_SEARCH_PATHS = "$(inherited) @executable_path/Frameworks";
				PRODUCT_BUNDLE_IDENTIFIER = be.fousa.spendr;
				PRODUCT_NAME = "$(TARGET_NAME)";
			};
			name = Debug;
		};
		624BACEF1D6C69EA00CBA79C /* Release */ = {
			isa = XCBuildConfiguration;
			baseConfigurationReference = D907964315827C9A6499DB42 /* Pods-Spendr.release.xcconfig */;
			buildSettings = {
				ASSETCATALOG_COMPILER_APPICON_NAME = AppIcon;
				CODE_SIGN_ENTITLEMENTS = "Spendr/Supporting Files/Entitlements/${CONFIGURATION}.entitlements";
				CODE_SIGN_IDENTITY = "iPhone Developer";
				CURRENT_PROJECT_VERSION = 1;
				INFOPLIST_FILE = "Spendr/Supporting Files/Info.plist";
				IPHONEOS_DEPLOYMENT_TARGET = 9.0;
				LD_RUNPATH_SEARCH_PATHS = "$(inherited) @executable_path/Frameworks";
				PRODUCT_BUNDLE_IDENTIFIER = be.fousa.spendr;
				PRODUCT_NAME = "$(TARGET_NAME)";
			};
			name = Release;
		};
/* End XCBuildConfiguration section */

/* Begin XCConfigurationList section */
		624BACD61D6C69EA00CBA79C /* Build configuration list for PBXProject "Spendr" */ = {
			isa = XCConfigurationList;
			buildConfigurations = (
				624BACEB1D6C69EA00CBA79C /* Debug */,
				624BACEC1D6C69EA00CBA79C /* Release */,
			);
			defaultConfigurationIsVisible = 0;
			defaultConfigurationName = Release;
		};
		624BACED1D6C69EA00CBA79C /* Build configuration list for PBXNativeTarget "Spendr" */ = {
			isa = XCConfigurationList;
			buildConfigurations = (
				624BACEE1D6C69EA00CBA79C /* Debug */,
				624BACEF1D6C69EA00CBA79C /* Release */,
			);
			defaultConfigurationIsVisible = 0;
			defaultConfigurationName = Release;
		};
/* End XCConfigurationList section */
	};
	rootObject = 624BACD31D6C69EA00CBA79C /* Project object */;
}
